
Microsoft Visual Studio Solution File, Format Version 12.00
# Visual Studio Version 17
VisualStudioVersion = 17.14.36623.8
MinimumVisualStudioVersion = 10.0.40219.1
Project("{FAE04EC0-301F-11D3-BF4B-00C04F79EFBC}") = "PromoManager.Application", "PromoManager.Application\PromoManager.Application.csproj", "{93436031-55E9-4314-B8C5-D994895DD094}"
EndProject
Project("{FAE04EC0-301F-11D3-BF4B-00C04F79EFBC}") = "PromoManager.Domain", "..\PromoManager.Domain\PromoManager.Domain\PromoManager.Domain.csproj", "{5D149CF0-9E5A-9C7C-A7E3-E45A0B0E4C25}"
EndProject
Global
	GlobalSection(SolutionConfigurationPlatforms) = preSolution
		Debug|Any CPU = Debug|Any CPU
		Release|Any CPU = Release|Any CPU
	EndGlobalSection
	GlobalSection(ProjectConfigurationPlatforms) = postSolution
		{93436031-55E9-4314-B8C5-D994895DD094}.Debug|Any CPU.ActiveCfg = Debug|Any CPU
		{93436031-55E9-4314-B8C5-D994895DD094}.Debug|Any CPU.Build.0 = Debug|Any CPU
		{93436031-55E9-4314-B8C5-D994895DD094}.Release|Any CPU.ActiveCfg = Release|Any CPU
		{93436031-55E9-4314-B8C5-D994895DD094}.Release|Any CPU.Build.0 = Release|Any CPU
		{5D149CF0-9E5A-9C7C-A7E3-E45A0B0E4C25}.Debug|Any CPU.ActiveCfg = Debug|Any CPU
		{5D149CF0-9E5A-9C7C-A7E3-E45A0B0E4C25}.Debug|Any CPU.Build.0 = Debug|Any CPU
		{5D149CF0-9E5A-9C7C-A7E3-E45A0B0E4C25}.Release|Any CPU.ActiveCfg = Release|Any CPU
		{5D149CF0-9E5A-9C7C-A7E3-E45A0B0E4C25}.Release|Any CPU.Build.0 = Release|Any CPU
	EndGlobalSection
	GlobalSection(SolutionProperties) = preSolution
		HideSolutionNode = FALSE
	EndGlobalSection
	GlobalSection(ExtensibilityGlobals) = postSolution
		SolutionGuid = {5293DB6A-6D39-4256-ABEC-DBDEEC3D48CC}
	EndGlobalSection
EndGlobal
